
Microsoft Visual Studio Solution File, Format Version 12.00
# Visual Studio Version 17
VisualStudioVersion = 17.3.32819.101
MinimumVisualStudioVersion = 10.0.40219.1
Project("{FAE04EC0-301F-11D3-BF4B-00C04F79EFBC}") = "lopuhhh", "lopuhhh\lopuhhh.csproj", "{C8B347AC-C97A-4E1A-AA77-5DF974B980E3}"
EndProject
Global
	GlobalSection(SolutionConfigurationPlatforms) = preSolution
		Debug|Any CPU = Debug|Any CPU
		Release|Any CPU = Release|Any CPU
	EndGlobalSection
	GlobalSection(ProjectConfigurationPlatforms) = postSolution
		{C8B347AC-C97A-4E1A-AA77-5DF974B980E3}.Debug|Any CPU.ActiveCfg = Debug|Any CPU
		{C8B347AC-C97A-4E1A-AA77-5DF974B980E3}.Debug|Any CPU.Build.0 = Debug|Any CPU
		{C8B347AC-C97A-4E1A-AA77-5DF974B980E3}.Release|Any CPU.ActiveCfg = Release|Any CPU
		{C8B347AC-C97A-4E1A-AA77-5DF974B980E3}.Release|Any CPU.Build.0 = Release|Any CPU
	EndGlobalSection
	GlobalSection(SolutionProperties) = preSolution
		HideSolutionNode = FALSE
	EndGlobalSection
	GlobalSection(ExtensibilityGlobals) = postSolution
		SolutionGuid = {7A07885D-490F-40C9-A9C6-13764B99E85A}
	EndGlobalSection
EndGlobal
